
Microsoft Visual Studio Solution File, Format Version 12.00
# Visual Studio Version 17
VisualStudioVersion = 17.10.35013.160
MinimumVisualStudioVersion = 10.0.40219.1
Project("{FAE04EC0-301F-11D3-BF4B-00C04F79EFBC}") = "Core_Binding", "Core_Binding\Core_Binding.csproj", "{3B43EFD3-0356-4618-9523-509389662A97}"
EndProject
Global
	GlobalSection(SolutionConfigurationPlatforms) = preSolution
		Debug|Any CPU = Debug|Any CPU
		Release|Any CPU = Release|Any CPU
	EndGlobalSection
	GlobalSection(ProjectConfigurationPlatforms) = postSolution
		{3B43EFD3-0356-4618-9523-509389662A97}.Debug|Any CPU.ActiveCfg = Debug|Any CPU
		{3B43EFD3-0356-4618-9523-509389662A97}.Debug|Any CPU.Build.0 = Debug|Any CPU
		{3B43EFD3-0356-4618-9523-509389662A97}.Release|Any CPU.ActiveCfg = Release|Any CPU
		{3B43EFD3-0356-4618-9523-509389662A97}.Release|Any CPU.Build.0 = Release|Any CPU
	EndGlobalSection
	GlobalSection(SolutionProperties) = preSolution
		HideSolutionNode = FALSE
	EndGlobalSection
	GlobalSection(ExtensibilityGlobals) = postSolution
		SolutionGuid = {D9133709-5614-49B4-B5DB-D7AEF65EA932}
	EndGlobalSection
EndGlobal
