
Microsoft Visual Studio Solution File, Format Version 12.00
# Visual Studio Version 17
VisualStudioVersion = 17.10.35013.160
MinimumVisualStudioVersion = 10.0.40219.1
Project("{FAE04EC0-301F-11D3-BF4B-00C04F79EFBC}") = "Partial_Views_Prj", "Partial_Views_Prj\Partial_Views_Prj.csproj", "{96867675-45F8-441B-B0E8-47864967DA0E}"
EndProject
Global
	GlobalSection(SolutionConfigurationPlatforms) = preSolution
		Debug|Any CPU = Debug|Any CPU
		Release|Any CPU = Release|Any CPU
	EndGlobalSection
	GlobalSection(ProjectConfigurationPlatforms) = postSolution
		{96867675-45F8-441B-B0E8-47864967DA0E}.Debug|Any CPU.ActiveCfg = Debug|Any CPU
		{96867675-45F8-441B-B0E8-47864967DA0E}.Debug|Any CPU.Build.0 = Debug|Any CPU
		{96867675-45F8-441B-B0E8-47864967DA0E}.Release|Any CPU.ActiveCfg = Release|Any CPU
		{96867675-45F8-441B-B0E8-47864967DA0E}.Release|Any CPU.Build.0 = Release|Any CPU
	EndGlobalSection
	GlobalSection(SolutionProperties) = preSolution
		HideSolutionNode = FALSE
	EndGlobalSection
	GlobalSection(ExtensibilityGlobals) = postSolution
		SolutionGuid = {83705E00-F7CB-4B7C-81A0-021DB13BBA07}
	EndGlobalSection
EndGlobal
