
Microsoft Visual Studio Solution File, Format Version 12.00
# Visual Studio Version 16
VisualStudioVersion = 16.0.34931.43
MinimumVisualStudioVersion = 10.0.40219.1
Project("{FAE04EC0-301F-11D3-BF4B-00C04F79EFBC}") = "AjaxPosting_Prj", "AjaxPosting_Prj\AjaxPosting_Prj.csproj", "{509D240D-F2C3-43C6-A457-41AF16FD39FA}"
EndProject
Global
	GlobalSection(SolutionConfigurationPlatforms) = preSolution
		Debug|Any CPU = Debug|Any CPU
		Release|Any CPU = Release|Any CPU
	EndGlobalSection
	GlobalSection(ProjectConfigurationPlatforms) = postSolution
		{509D240D-F2C3-43C6-A457-41AF16FD39FA}.Debug|Any CPU.ActiveCfg = Debug|Any CPU
		{509D240D-F2C3-43C6-A457-41AF16FD39FA}.Debug|Any CPU.Build.0 = Debug|Any CPU
		{509D240D-F2C3-43C6-A457-41AF16FD39FA}.Release|Any CPU.ActiveCfg = Release|Any CPU
		{509D240D-F2C3-43C6-A457-41AF16FD39FA}.Release|Any CPU.Build.0 = Release|Any CPU
	EndGlobalSection
	GlobalSection(SolutionProperties) = preSolution
		HideSolutionNode = FALSE
	EndGlobalSection
	GlobalSection(ExtensibilityGlobals) = postSolution
		SolutionGuid = {DCE0BFC9-1A8F-4226-BA69-B567601C5DA9}
	EndGlobalSection
EndGlobal
