
Microsoft Visual Studio Solution File, Format Version 12.00
# Visual Studio Version 17
VisualStudioVersion = 17.10.35013.160
MinimumVisualStudioVersion = 10.0.40219.1
Project("{FAE04EC0-301F-11D3-BF4B-00C04F79EFBC}") = "Caching_Prj", "Caching_Prj\Caching_Prj.csproj", "{DD018A03-F613-456F-AC0A-F7449A7FFC02}"
EndProject
Global
	GlobalSection(SolutionConfigurationPlatforms) = preSolution
		Debug|Any CPU = Debug|Any CPU
		Release|Any CPU = Release|Any CPU
	EndGlobalSection
	GlobalSection(ProjectConfigurationPlatforms) = postSolution
		{DD018A03-F613-456F-AC0A-F7449A7FFC02}.Debug|Any CPU.ActiveCfg = Debug|Any CPU
		{DD018A03-F613-456F-AC0A-F7449A7FFC02}.Debug|Any CPU.Build.0 = Debug|Any CPU
		{DD018A03-F613-456F-AC0A-F7449A7FFC02}.Release|Any CPU.ActiveCfg = Release|Any CPU
		{DD018A03-F613-456F-AC0A-F7449A7FFC02}.Release|Any CPU.Build.0 = Release|Any CPU
	EndGlobalSection
	GlobalSection(SolutionProperties) = preSolution
		HideSolutionNode = FALSE
	EndGlobalSection
	GlobalSection(ExtensibilityGlobals) = postSolution
		SolutionGuid = {1B72D486-9AFF-4BB6-8DC3-A6C82323E2F1}
	EndGlobalSection
EndGlobal
