
Microsoft Visual Studio Solution File, Format Version 12.00
# Visual Studio Version 17
VisualStudioVersion = 17.10.35013.160
MinimumVisualStudioVersion = 10.0.40219.1
Project("{FAE04EC0-301F-11D3-BF4B-00C04F79EFBC}") = "ValidationsPrj", "ValidationsPrj\ValidationsPrj.csproj", "{5CB11286-816D-404C-828F-B153E71647FB}"
EndProject
Global
	GlobalSection(SolutionConfigurationPlatforms) = preSolution
		Debug|Any CPU = Debug|Any CPU
		Release|Any CPU = Release|Any CPU
	EndGlobalSection
	GlobalSection(ProjectConfigurationPlatforms) = postSolution
		{5CB11286-816D-404C-828F-B153E71647FB}.Debug|Any CPU.ActiveCfg = Debug|Any CPU
		{5CB11286-816D-404C-828F-B153E71647FB}.Debug|Any CPU.Build.0 = Debug|Any CPU
		{5CB11286-816D-404C-828F-B153E71647FB}.Release|Any CPU.ActiveCfg = Release|Any CPU
		{5CB11286-816D-404C-828F-B153E71647FB}.Release|Any CPU.Build.0 = Release|Any CPU
	EndGlobalSection
	GlobalSection(SolutionProperties) = preSolution
		HideSolutionNode = FALSE
	EndGlobalSection
	GlobalSection(ExtensibilityGlobals) = postSolution
		SolutionGuid = {36CB432E-CE41-42BD-BF42-6A4F7700B456}
	EndGlobalSection
EndGlobal
