
Microsoft Visual Studio Solution File, Format Version 12.00
# Visual Studio Version 17
VisualStudioVersion = 17.10.35013.160
MinimumVisualStudioVersion = 10.0.40219.1
Project("{FAE04EC0-301F-11D3-BF4B-00C04F79EFBC}") = "Authentication_Prj", "Authentication_Prj\Authentication_Prj.csproj", "{E234DFFF-82D6-4194-AD80-2F7C09A0CD32}"
EndProject
Global
	GlobalSection(SolutionConfigurationPlatforms) = preSolution
		Debug|Any CPU = Debug|Any CPU
		Release|Any CPU = Release|Any CPU
	EndGlobalSection
	GlobalSection(ProjectConfigurationPlatforms) = postSolution
		{E234DFFF-82D6-4194-AD80-2F7C09A0CD32}.Debug|Any CPU.ActiveCfg = Debug|Any CPU
		{E234DFFF-82D6-4194-AD80-2F7C09A0CD32}.Debug|Any CPU.Build.0 = Debug|Any CPU
		{E234DFFF-82D6-4194-AD80-2F7C09A0CD32}.Release|Any CPU.ActiveCfg = Release|Any CPU
		{E234DFFF-82D6-4194-AD80-2F7C09A0CD32}.Release|Any CPU.Build.0 = Release|Any CPU
	EndGlobalSection
	GlobalSection(SolutionProperties) = preSolution
		HideSolutionNode = FALSE
	EndGlobalSection
	GlobalSection(ExtensibilityGlobals) = postSolution
		SolutionGuid = {0CC06542-BBD3-4443-82BD-4452988E04E8}
	EndGlobalSection
EndGlobal
