
Microsoft Visual Studio Solution File, Format Version 12.00
# Visual Studio Version 17
VisualStudioVersion = 17.10.35013.160
MinimumVisualStudioVersion = 10.0.40219.1
Project("{FAE04EC0-301F-11D3-BF4B-00C04F79EFBC}") = "MVC_Core_Prj", "MVC_Core_Prj\MVC_Core_Prj.csproj", "{ED4F8DEE-757A-4EE0-995A-BBED7E21DE03}"
EndProject
Global
	GlobalSection(SolutionConfigurationPlatforms) = preSolution
		Debug|Any CPU = Debug|Any CPU
		Release|Any CPU = Release|Any CPU
	EndGlobalSection
	GlobalSection(ProjectConfigurationPlatforms) = postSolution
		{ED4F8DEE-757A-4EE0-995A-BBED7E21DE03}.Debug|Any CPU.ActiveCfg = Debug|Any CPU
		{ED4F8DEE-757A-4EE0-995A-BBED7E21DE03}.Debug|Any CPU.Build.0 = Debug|Any CPU
		{ED4F8DEE-757A-4EE0-995A-BBED7E21DE03}.Release|Any CPU.ActiveCfg = Release|Any CPU
		{ED4F8DEE-757A-4EE0-995A-BBED7E21DE03}.Release|Any CPU.Build.0 = Release|Any CPU
	EndGlobalSection
	GlobalSection(SolutionProperties) = preSolution
		HideSolutionNode = FALSE
	EndGlobalSection
	GlobalSection(ExtensibilityGlobals) = postSolution
		SolutionGuid = {0615C2C7-53C8-41E3-AC44-88E72EAEFAB9}
	EndGlobalSection
EndGlobal
