
Microsoft Visual Studio Solution File, Format Version 12.00
# Visual Studio Version 17
VisualStudioVersion = 17.10.35013.160
MinimumVisualStudioVersion = 10.0.40219.1
Project("{FAE04EC0-301F-11D3-BF4B-00C04F79EFBC}") = "DefaultPage_Prj", "DefaultPage_Prj\DefaultPage_Prj.csproj", "{EF5EEDAF-2933-4AE1-96EF-5B878B3D97EE}"
EndProject
Global
	GlobalSection(SolutionConfigurationPlatforms) = preSolution
		Debug|Any CPU = Debug|Any CPU
		Release|Any CPU = Release|Any CPU
	EndGlobalSection
	GlobalSection(ProjectConfigurationPlatforms) = postSolution
		{EF5EEDAF-2933-4AE1-96EF-5B878B3D97EE}.Debug|Any CPU.ActiveCfg = Debug|Any CPU
		{EF5EEDAF-2933-4AE1-96EF-5B878B3D97EE}.Debug|Any CPU.Build.0 = Debug|Any CPU
		{EF5EEDAF-2933-4AE1-96EF-5B878B3D97EE}.Release|Any CPU.ActiveCfg = Release|Any CPU
		{EF5EEDAF-2933-4AE1-96EF-5B878B3D97EE}.Release|Any CPU.Build.0 = Release|Any CPU
	EndGlobalSection
	GlobalSection(SolutionProperties) = preSolution
		HideSolutionNode = FALSE
	EndGlobalSection
	GlobalSection(ExtensibilityGlobals) = postSolution
		SolutionGuid = {1BDE5C28-AE81-4807-870A-652F31A81D88}
	EndGlobalSection
EndGlobal
