
Microsoft Visual Studio Solution File, Format Version 12.00
# Visual Studio Version 17
VisualStudioVersion = 17.10.35013.160
MinimumVisualStudioVersion = 10.0.40219.1
Project("{FAE04EC0-301F-11D3-BF4B-00C04F79EFBC}") = "Core_EF_Codefirst", "Core_EF_Codefirst\Core_EF_Codefirst.csproj", "{4851D2AB-A4D0-42BE-94D8-76F3227FB6B1}"
EndProject
Global
	GlobalSection(SolutionConfigurationPlatforms) = preSolution
		Debug|Any CPU = Debug|Any CPU
		Release|Any CPU = Release|Any CPU
	EndGlobalSection
	GlobalSection(ProjectConfigurationPlatforms) = postSolution
		{4851D2AB-A4D0-42BE-94D8-76F3227FB6B1}.Debug|Any CPU.ActiveCfg = Debug|Any CPU
		{4851D2AB-A4D0-42BE-94D8-76F3227FB6B1}.Debug|Any CPU.Build.0 = Debug|Any CPU
		{4851D2AB-A4D0-42BE-94D8-76F3227FB6B1}.Release|Any CPU.ActiveCfg = Release|Any CPU
		{4851D2AB-A4D0-42BE-94D8-76F3227FB6B1}.Release|Any CPU.Build.0 = Release|Any CPU
	EndGlobalSection
	GlobalSection(SolutionProperties) = preSolution
		HideSolutionNode = FALSE
	EndGlobalSection
	GlobalSection(ExtensibilityGlobals) = postSolution
		SolutionGuid = {A9604CAA-AAA6-416A-A0E3-A026D3612D55}
	EndGlobalSection
EndGlobal
