
Microsoft Visual Studio Solution File, Format Version 12.00
# Visual Studio Version 17
VisualStudioVersion = 17.10.35013.160
MinimumVisualStudioVersion = 10.0.40219.1
Project("{FAE04EC0-301F-11D3-BF4B-00C04F79EFBC}") = "WebApi_EF", "WebApi_EF\WebApi_EF.csproj", "{BC0C655C-870F-41F4-9287-F875CF5E8D1C}"
EndProject
Global
	GlobalSection(SolutionConfigurationPlatforms) = preSolution
		Debug|Any CPU = Debug|Any CPU
		Release|Any CPU = Release|Any CPU
	EndGlobalSection
	GlobalSection(ProjectConfigurationPlatforms) = postSolution
		{BC0C655C-870F-41F4-9287-F875CF5E8D1C}.Debug|Any CPU.ActiveCfg = Debug|Any CPU
		{BC0C655C-870F-41F4-9287-F875CF5E8D1C}.Debug|Any CPU.Build.0 = Debug|Any CPU
		{BC0C655C-870F-41F4-9287-F875CF5E8D1C}.Release|Any CPU.ActiveCfg = Release|Any CPU
		{BC0C655C-870F-41F4-9287-F875CF5E8D1C}.Release|Any CPU.Build.0 = Release|Any CPU
	EndGlobalSection
	GlobalSection(SolutionProperties) = preSolution
		HideSolutionNode = FALSE
	EndGlobalSection
	GlobalSection(ExtensibilityGlobals) = postSolution
		SolutionGuid = {E81966FF-0476-43EF-B965-E8EBA99C7F98}
	EndGlobalSection
EndGlobal
