
Microsoft Visual Studio Solution File, Format Version 12.00
# Visual Studio Version 17
VisualStudioVersion = 17.10.35013.160
MinimumVisualStudioVersion = 10.0.40219.1
Project("{FAE04EC0-301F-11D3-BF4B-00C04F79EFBC}") = "ViewModels_Prj", "ViewModels_Prj\ViewModels_Prj.csproj", "{DD200EDD-DF83-41E8-8895-B71F78E6B42D}"
EndProject
Global
	GlobalSection(SolutionConfigurationPlatforms) = preSolution
		Debug|Any CPU = Debug|Any CPU
		Release|Any CPU = Release|Any CPU
	EndGlobalSection
	GlobalSection(ProjectConfigurationPlatforms) = postSolution
		{DD200EDD-DF83-41E8-8895-B71F78E6B42D}.Debug|Any CPU.ActiveCfg = Debug|Any CPU
		{DD200EDD-DF83-41E8-8895-B71F78E6B42D}.Debug|Any CPU.Build.0 = Debug|Any CPU
		{DD200EDD-DF83-41E8-8895-B71F78E6B42D}.Release|Any CPU.ActiveCfg = Release|Any CPU
		{DD200EDD-DF83-41E8-8895-B71F78E6B42D}.Release|Any CPU.Build.0 = Release|Any CPU
	EndGlobalSection
	GlobalSection(SolutionProperties) = preSolution
		HideSolutionNode = FALSE
	EndGlobalSection
	GlobalSection(ExtensibilityGlobals) = postSolution
		SolutionGuid = {4C02935F-6FAE-4F2D-8607-ADEFB6E4944B}
	EndGlobalSection
EndGlobal
