
Microsoft Visual Studio Solution File, Format Version 12.00
# Visual Studio Version 17
VisualStudioVersion = 17.10.35013.160
MinimumVisualStudioVersion = 10.0.40219.1
Project("{FAE04EC0-301F-11D3-BF4B-00C04F79EFBC}") = "WebService_Prj1", "WebService_Prj1\WebService_Prj1.csproj", "{7F0124D7-83A6-4824-B6FD-39C3E523B21D}"
EndProject
Project("{FAE04EC0-301F-11D3-BF4B-00C04F79EFBC}") = "Webservice_Client", "Webservice_Client\Webservice_Client.csproj", "{BB42A68A-6C48-45EB-9BA0-D6E69DE6F5D4}"
	ProjectSection(ProjectDependencies) = postProject
		{7F0124D7-83A6-4824-B6FD-39C3E523B21D} = {7F0124D7-83A6-4824-B6FD-39C3E523B21D}
	EndProjectSection
EndProject
Global
	GlobalSection(SolutionConfigurationPlatforms) = preSolution
		Debug|Any CPU = Debug|Any CPU
		Release|Any CPU = Release|Any CPU
	EndGlobalSection
	GlobalSection(ProjectConfigurationPlatforms) = postSolution
		{7F0124D7-83A6-4824-B6FD-39C3E523B21D}.Debug|Any CPU.ActiveCfg = Debug|Any CPU
		{7F0124D7-83A6-4824-B6FD-39C3E523B21D}.Debug|Any CPU.Build.0 = Debug|Any CPU
		{7F0124D7-83A6-4824-B6FD-39C3E523B21D}.Release|Any CPU.ActiveCfg = Release|Any CPU
		{7F0124D7-83A6-4824-B6FD-39C3E523B21D}.Release|Any CPU.Build.0 = Release|Any CPU
		{BB42A68A-6C48-45EB-9BA0-D6E69DE6F5D4}.Debug|Any CPU.ActiveCfg = Debug|Any CPU
		{BB42A68A-6C48-45EB-9BA0-D6E69DE6F5D4}.Debug|Any CPU.Build.0 = Debug|Any CPU
		{BB42A68A-6C48-45EB-9BA0-D6E69DE6F5D4}.Release|Any CPU.ActiveCfg = Release|Any CPU
		{BB42A68A-6C48-45EB-9BA0-D6E69DE6F5D4}.Release|Any CPU.Build.0 = Release|Any CPU
	EndGlobalSection
	GlobalSection(SolutionProperties) = preSolution
		HideSolutionNode = FALSE
	EndGlobalSection
	GlobalSection(ExtensibilityGlobals) = postSolution
		SolutionGuid = {76D75362-DEFC-43E4-B082-97A1E3978225}
	EndGlobalSection
EndGlobal
